
Microsoft Visual Studio Solution File, Format Version 12.00
# Visual Studio Version 16
VisualStudioVersion = 16.0.31105.61
MinimumVisualStudioVersion = 10.0.40219.1
Project("{9A19103F-16F7-4668-BE54-9A1E7A4F7556}") = "RemoteFileManager", "RemoteFileManager\RemoteFileManager.csproj", "{115E6566-EA9A-4F2B-A156-18CD4B6664EC}"
EndProject
Project("{9A19103F-16F7-4668-BE54-9A1E7A4F7556}") = "ScriptSegmentation", "ScriptSegmentation\ScriptSegmentation.csproj", "{161C12CB-E6CD-432B-BCF7-3779DECE3B4F}"
EndProject
Project("{9A19103F-16F7-4668-BE54-9A1E7A4F7556}") = "WorkflowRunner", "WorkflowRunner\WorkflowRunner.csproj", "{F46ACA08-6475-428C-B3C1-8DC11A05D8C9}"
EndProject
Global
	GlobalSection(SolutionConfigurationPlatforms) = preSolution
		Debug|Any CPU = Debug|Any CPU
		Release|Any CPU = Release|Any CPU
	EndGlobalSection
	GlobalSection(ProjectConfigurationPlatforms) = postSolution
		{115E6566-EA9A-4F2B-A156-18CD4B6664EC}.Debug|Any CPU.ActiveCfg = Debug|Any CPU
		{115E6566-EA9A-4F2B-A156-18CD4B6664EC}.Debug|Any CPU.Build.0 = Debug|Any CPU
		{115E6566-EA9A-4F2B-A156-18CD4B6664EC}.Release|Any CPU.ActiveCfg = Release|Any CPU
		{115E6566-EA9A-4F2B-A156-18CD4B6664EC}.Release|Any CPU.Build.0 = Release|Any CPU
		{161C12CB-E6CD-432B-BCF7-3779DECE3B4F}.Debug|Any CPU.ActiveCfg = Debug|Any CPU
		{161C12CB-E6CD-432B-BCF7-3779DECE3B4F}.Debug|Any CPU.Build.0 = Debug|Any CPU
		{161C12CB-E6CD-432B-BCF7-3779DECE3B4F}.Release|Any CPU.ActiveCfg = Release|Any CPU
		{161C12CB-E6CD-432B-BCF7-3779DECE3B4F}.Release|Any CPU.Build.0 = Release|Any CPU
		{F46ACA08-6475-428C-B3C1-8DC11A05D8C9}.Debug|Any CPU.ActiveCfg = Debug|Any CPU
		{F46ACA08-6475-428C-B3C1-8DC11A05D8C9}.Debug|Any CPU.Build.0 = Debug|Any CPU
		{F46ACA08-6475-428C-B3C1-8DC11A05D8C9}.Release|Any CPU.ActiveCfg = Release|Any CPU
		{F46ACA08-6475-428C-B3C1-8DC11A05D8C9}.Release|Any CPU.Build.0 = Release|Any CPU
	EndGlobalSection
	GlobalSection(SolutionProperties) = preSolution
		HideSolutionNode = FALSE
	EndGlobalSection
	GlobalSection(ExtensibilityGlobals) = postSolution
		SolutionGuid = {320C7C9F-4B4A-4ED0-A1C4-198CB17E812E}
	EndGlobalSection
EndGlobal
